
Microsoft Visual Studio Solution File, Format Version 12.00
Project("{FAE04EC0-301F-11D3-BF4B-00C04F79EFBC}") = "Rectangles-Author1", "01_ulearn_rectangles\author1\Rectangles-Author1.csproj", "{E8B0D136-D22F-4550-A136-BB577FCBEC8F}"
EndProject
Project("{FAE04EC0-301F-11D3-BF4B-00C04F79EFBC}") = "Rectangles-Author2", "01_ulearn_rectangles\author2\Rectangles-Author2.csproj", "{E8B0D136-D22F-4550-A136-BB577FCBEC8F}"
EndProject
Project("{FAE04EC0-301F-11D3-BF4B-00C04F79EFBC}") = "Pluralize-Author1", "02_ulearn_pluralize\author1\Pluralize-Author1.csproj", "{105ABC87-92A4-42BA-8B34-5232D8A1FDC8}"
EndProject
Project("{FAE04EC0-301F-11D3-BF4B-00C04F79EFBC}") = "Pluralize-Author2", "02_ulearn_pluralize\author2\Pluralize-Author2.csproj", "{105ABC87-92A4-42BA-8B34-5232D8A1FDC8}"
EndProject
Project("{FAE04EC0-301F-11D3-BF4B-00C04F79EFBC}") = "Pluralize-Author3", "02_ulearn_pluralize\author3\Pluralize-Author3.csproj", "{105ABC87-92A4-42BA-8B34-5232D8A1FDC8}"
EndProject
Project("{FAE04EC0-301F-11D3-BF4B-00C04F79EFBC}") = "Distance-Author1", "03_ulearn_distance\author1\Distance-Author1.csproj", "{A7607F62-2517-4779-84D4-3D378809A97E}"
EndProject
Project("{FAE04EC0-301F-11D3-BF4B-00C04F79EFBC}") = "Distance-Author2", "03_ulearn_distance\author2\Distance-Author2.csproj", "{A7607F62-2517-4779-84D4-3D378809A97E}"
EndProject
Project("{FAE04EC0-301F-11D3-BF4B-00C04F79EFBC}") = "Distance-Author3", "03_ulearn_distance\author3\Distance-Author3.csproj", "{A7607F62-2517-4779-84D4-3D378809A97E}"
EndProject
Project("{FAE04EC0-301F-11D3-BF4B-00C04F79EFBC}") = "Mazes-Author1", "04_ulearn_mazes\author1\Mazes-Author1.csproj", "{84C0439A-B05A-4BFC-A73E-BA1F99953814}"
EndProject
Project("{FAE04EC0-301F-11D3-BF4B-00C04F79EFBC}") = "Mazes-Author2", "04_ulearn_mazes\author2\Mazes-Author2.csproj", "{84C0439A-B05A-4BFC-A73E-BA1F99953814}"
EndProject
Project("{FAE04EC0-301F-11D3-BF4B-00C04F79EFBC}") = "Mazes-Author3", "04_ulearn_mazes\author3\Mazes-Author3.csproj", "{84C0439A-B05A-4BFC-A73E-BA1F99953814}"
EndProject
Project("{FAE04EC0-301F-11D3-BF4B-00C04F79EFBC}") = "Names-Author1", "05_ulearn_names\author1\Names-Author1.csproj", "{616230F0-26C5-4954-8A86-827F1C3E72ED}"
EndProject
Project("{FAE04EC0-301F-11D3-BF4B-00C04F79EFBC}") = "Names-Author2", "05_ulearn_names\author2\Names-Author2.csproj", "{616230F0-26C5-4954-8A86-827F1C3E72ED}"
EndProject
Project("{FAE04EC0-301F-11D3-BF4B-00C04F79EFBC}") = "Names-Author3", "05_ulearn_names\author3\Names-Author3.csproj", "{616230F0-26C5-4954-8A86-827F1C3E72ED}"
EndProject
Project("{FAE04EC0-301F-11D3-BF4B-00C04F79EFBC}") = "Names-Author4", "05_ulearn_names\author4\Names-Author4.csproj", "{616230F0-26C5-4954-8A86-827F1C3E72ED}"
EndProject
Project("{FAE04EC0-301F-11D3-BF4B-00C04F79EFBC}") = "TextAnalysis-Author1", "06_ulearn_text_analysis\author1\TextAnalysis-Author1.csproj", "{E7F5D985-677D-4246-BA75-4BAE24DF38B5}"
EndProject
Project("{FAE04EC0-301F-11D3-BF4B-00C04F79EFBC}") = "TextAnalysis-Author2", "06_ulearn_text_analysis\author2\TextAnalysis-Author2.csproj", "{E7F5D985-677D-4246-BA75-4BAE24DF38B5}"
EndProject
Project("{FAE04EC0-301F-11D3-BF4B-00C04F79EFBC}") = "TextAnalysis-Author3", "06_ulearn_text_analysis\author3\TextAnalysis-Author3.csproj", "{E7F5D985-677D-4246-BA75-4BAE24DF38B5}"
EndProject
Project("{FAE04EC0-301F-11D3-BF4B-00C04F79EFBC}") = "TextAnalysis-Author4", "06_ulearn_text_analysis\author1-refactored\TextAnalysis-Author4.csproj", "{E7F5D985-677D-4246-BA75-4BAE24DF38B5}"
EndProject
Project("{FAE04EC0-301F-11D3-BF4B-00C04F79EFBC}") = "Image-Author1", "07_ulearn_images\author1\Image-Author1.csproj", "{B5EBAB5F-AFCC-4169-8F68-5EB41871441A}"
EndProject
Project("{FAE04EC0-301F-11D3-BF4B-00C04F79EFBC}") = "Image-Author2", "07_ulearn_images\author2\Image-Author2.csproj", "{B5EBAB5F-AFCC-4169-8F68-5EB41871441A}"
EndProject
Project("{FAE04EC0-301F-11D3-BF4B-00C04F79EFBC}") = "Image-Author3", "07_ulearn_images\author3\Image-Author3.csproj", "{B5EBAB5F-AFCC-4169-8F68-5EB41871441A}"
EndProject
Project("{FAE04EC0-301F-11D3-BF4B-00C04F79EFBC}") = "Image-Author4", "07_ulearn_images\author4\Image-Author4.csproj", "{B5EBAB5F-AFCC-4169-8F68-5EB41871441A}"
EndProject
Project("{FAE04EC0-301F-11D3-BF4B-00C04F79EFBC}") = "Passwords-Author1", "08_ulearn_passwords\author1\Passwords-Author1.csproj", "{574D2475-B777-4830-8D0C-4FA3FA7CD08E}"
EndProject
Project("{FAE04EC0-301F-11D3-BF4B-00C04F79EFBC}") = "Passwords-Author2", "08_ulearn_passwords\author2\Passwords-Author2.csproj", "{574D2475-B777-4830-8D0C-4FA3FA7CD08E}"
EndProject
Project("{FAE04EC0-301F-11D3-BF4B-00C04F79EFBC}") = "Passwords-Author3", "08_ulearn_passwords\author3\Passwords-Author3.csproj", "{574D2475-B777-4830-8D0C-4FA3FA7CD08E}"
EndProject
Project("{FAE04EC0-301F-11D3-BF4B-00C04F79EFBC}") = "Passwords-Author4", "08_ulearn_passwords\author4\Passwords-Author4.csproj", "{574D2475-B777-4830-8D0C-4FA3FA7CD08E}"
EndProject
Project("{FAE04EC0-301F-11D3-BF4B-00C04F79EFBC}") = "Autocomplete-Author1", "09_ulearn_autocomplete\author1\Autocomplete-Author1.csproj", "{F849C260-0712-4D37-9273-ADB46B8DCCFB}"
EndProject
Project("{FAE04EC0-301F-11D3-BF4B-00C04F79EFBC}") = "Autocomplete-Author2", "09_ulearn_autocomplete\author2\Autocomplete-Author2.csproj", "{F849C260-0712-4D37-9273-ADB46B8DCCFB}"
EndProject
Project("{FAE04EC0-301F-11D3-BF4B-00C04F79EFBC}") = "Rectangles-Author1-NetCore3", "01_ulearn_rectangles\author1-netcore3\Rectangles-Author1-NetCore3.csproj", "{E19D32B1-10D3-4CBC-89EB-457887677B40}"
EndProject
Project("{FAE04EC0-301F-11D3-BF4B-00C04F79EFBC}") = "Rectangles-Author1-Net5", "01_ulearn_rectangles\author1-net5\Rectangles-Author1-Net5.csproj", "{A5F0CD61-1595-4C0F-A677-6AC39F2FDD94}"
EndProject
Project("{FAE04EC0-301F-11D3-BF4B-00C04F79EFBC}") = "Rectangles-Author2-NetCore3", "01_ulearn_rectangles\author2-netcore3\Rectangles-Author2-NetCore3.csproj", "{00518202-E38B-476B-B018-5043A9A76B79}"
EndProject
Project("{FAE04EC0-301F-11D3-BF4B-00C04F79EFBC}") = "Rectangles-Author2-Net5", "01_ulearn_rectangles\author2-net5\Rectangles-Author2-Net5.csproj", "{E09E1457-BBA0-4F63-A56C-E93B482C600E}"
EndProject
Project("{FAE04EC0-301F-11D3-BF4B-00C04F79EFBC}") = "Pluralize-Author1-Net5", "02_ulearn_pluralize\author1-net5\Pluralize-Author1-Net5.csproj", "{1EF261AB-9AC5-4930-9053-59F81D2E56CA}"
EndProject
Project("{FAE04EC0-301F-11D3-BF4B-00C04F79EFBC}") = "Pluralize-Author2-Net5", "02_ulearn_pluralize\author2-net5\Pluralize-Author2-Net5.csproj", "{6ACAB749-3EE3-4C2B-8A7B-12773486AC81}"
EndProject
Project("{FAE04EC0-301F-11D3-BF4B-00C04F79EFBC}") = "Pluralize-Author3-Net5", "02_ulearn_pluralize\author3-net5\Pluralize-Author3-Net5.csproj", "{ECC57050-ED08-46FB-9388-6FBC70052237}"
EndProject
Project("{FAE04EC0-301F-11D3-BF4B-00C04F79EFBC}") = "Pluralize-Author1-NetCore3", "02_ulearn_pluralize\author1-netcore3\Pluralize-Author1-NetCore3.csproj", "{A71E763B-3A9D-42DA-AC8F-05BE21E0B5BF}"
EndProject
Project("{FAE04EC0-301F-11D3-BF4B-00C04F79EFBC}") = "Pluralize-Author2-NetCore3", "02_ulearn_pluralize\author2-netcore3\Pluralize-Author2-NetCore3.csproj", "{F2803A9B-5EA9-4722-BF7C-44DA4B415487}"
EndProject
Project("{FAE04EC0-301F-11D3-BF4B-00C04F79EFBC}") = "Pluralize-Author3-NetCore3", "02_ulearn_pluralize\author3-netcore3\Pluralize-Author3-NetCore3.csproj", "{B892A898-AA00-4079-9A2D-FD6D30D10F77}"
EndProject
Project("{FAE04EC0-301F-11D3-BF4B-00C04F79EFBC}") = "Distance-Author1-NetCore3", "03_ulearn_distance\author1-netcore3\Distance-Author1-NetCore3.csproj", "{710EB819-F29E-46A6-8BAC-0503AC7EA3FE}"
EndProject
Project("{FAE04EC0-301F-11D3-BF4B-00C04F79EFBC}") = "Distance-Author2-NetCore3", "03_ulearn_distance\author2-netcore3\Distance-Author2-NetCore3.csproj", "{F4ECDB33-0AC7-46A6-8D6C-4327AA3F0AE4}"
EndProject
Project("{FAE04EC0-301F-11D3-BF4B-00C04F79EFBC}") = "Distance-Author3-NetCore3", "03_ulearn_distance\author3-netcore3\Distance-Author3-NetCore3.csproj", "{74B06153-1C7B-4198-9C14-D7A05F928483}"
EndProject
Project("{FAE04EC0-301F-11D3-BF4B-00C04F79EFBC}") = "Distance-Author1-Net5", "03_ulearn_distance\author1-net5\Distance-Author1-Net5.csproj", "{A3A6C176-C0D9-4876-A2B3-7461F4C7BE84}"
EndProject
Project("{FAE04EC0-301F-11D3-BF4B-00C04F79EFBC}") = "Distance-Author2-Net5", "03_ulearn_distance\author2-net5\Distance-Author2-Net5.csproj", "{97468D8F-729D-496F-8B21-66FC0A81C685}"
EndProject
Project("{FAE04EC0-301F-11D3-BF4B-00C04F79EFBC}") = "Distance-Author3-Net5", "03_ulearn_distance\author3-net5\Distance-Author3-Net5.csproj", "{D90EE382-5448-4467-B463-E12E260B6DDB}"
EndProject
Project("{FAE04EC0-301F-11D3-BF4B-00C04F79EFBC}") = "Mazes-Author1-Net5", "04_ulearn_mazes\author1-net5\Mazes-Author1-Net5.csproj", "{9EFFDBFB-8140-498D-A678-32D87995B345}"
EndProject
Project("{FAE04EC0-301F-11D3-BF4B-00C04F79EFBC}") = "Mazes-Author2-Net5", "04_ulearn_mazes\author2-net5\Mazes-Author2-Net5.csproj", "{3C20ACCB-1486-4CD8-96D8-51B1AA9E6BBD}"
EndProject
Project("{FAE04EC0-301F-11D3-BF4B-00C04F79EFBC}") = "Mazes-Author3-Net5", "04_ulearn_mazes\author3-net5\Mazes-Author3-Net5.csproj", "{BF3ABF70-B49B-43CF-8686-1ACBD246A630}"
EndProject
Project("{FAE04EC0-301F-11D3-BF4B-00C04F79EFBC}") = "Mazes-Author1-NetCore3", "04_ulearn_mazes\author1-netcore3\Mazes-Author1-NetCore3.csproj", "{BD161D64-3143-4C8B-9432-00EF76F4EE68}"
EndProject
Project("{FAE04EC0-301F-11D3-BF4B-00C04F79EFBC}") = "Mazes-Author2-NetCore3", "04_ulearn_mazes\author2-netcore3\Mazes-Author2-NetCore3.csproj", "{83A29C43-4C66-4002-A6CE-595EEB4FA454}"
EndProject
Project("{FAE04EC0-301F-11D3-BF4B-00C04F79EFBC}") = "Mazes-Author3-NetCore3", "04_ulearn_mazes\author3-netcore3\Mazes-Author3-NetCore3.csproj", "{12E3EA44-EC6B-4FB9-9D64-6200EF6378BA}"
EndProject
Project("{FAE04EC0-301F-11D3-BF4B-00C04F79EFBC}") = "Names-Author1-Refactored", "05_ulearn_names\author1-refactored\Names-Author1-Refactored.csproj", "{6C57F635-CD3B-49B2-B3CF-503360906E17}"
EndProject
Project("{FAE04EC0-301F-11D3-BF4B-00C04F79EFBC}") = "Names-Author2-Refactored", "05_ulearn_names\author2-refactored\Names-Author2-Refactored.csproj", "{C8426FD0-2966-4AB8-85A3-81D32854BE2A}"
EndProject
Project("{FAE04EC0-301F-11D3-BF4B-00C04F79EFBC}") = "Names-Author3-Refactored", "05_ulearn_names\author3-refactored\Names-Author3-Refactored.csproj", "{DAB54566-AC01-44A7-93A9-0B404D8C1AEB}"
EndProject
Project("{FAE04EC0-301F-11D3-BF4B-00C04F79EFBC}") = "Names-Author4-Refactored", "05_ulearn_names\author4-refactored\Names-Author4-Refactored.csproj", "{BDC3B272-AEB9-4378-BC09-11DAA5D89D6D}"
EndProject
Project("{FAE04EC0-301F-11D3-BF4B-00C04F79EFBC}") = "GaussianAlgorithm-Author1", "12_ulearn_gauss\author1\GaussianAlgorithm-Author1.csproj", "{FDF0ECB7-70FB-415A-8488-3D5B24007E26}"
EndProject
Project("{FAE04EC0-301F-11D3-BF4B-00C04F79EFBC}") = "GaussianAlgorithm-Author3", "12_ulearn_gauss\author3\GaussianAlgorithm-Author3.csproj", "{FDF0ECB7-70FB-415A-8488-3D5B24007E26}"
EndProject
Project("{FAE04EC0-301F-11D3-BF4B-00C04F79EFBC}") = "Antiplagiarism-Author1", "11_ulearn_antiplagiat\author1\Antiplagiarism-Author1.csproj", "{097D811E-BBE9-4A55-81F2-9BE17754BDC8}"
EndProject
Project("{FAE04EC0-301F-11D3-BF4B-00C04F79EFBC}") = "Antiplagiarism-Author2", "11_ulearn_antiplagiat\author2\Antiplagiarism-Author2.csproj", "{097D811E-BBE9-4A55-81F2-9BE17754BDC8}"
EndProject
Project("{FAE04EC0-301F-11D3-BF4B-00C04F79EFBC}") = "Antiplagiarism-Author4", "11_ulearn_antiplagiat\author4\Antiplagiarism-Author4.csproj", "{097D811E-BBE9-4A55-81F2-9BE17754BDC8}"
EndProject
Project("{FAE04EC0-301F-11D3-BF4B-00C04F79EFBC}") = "GaussianAlgorithm-Author1-Refactored", "12_ulearn_gauss\author1-refactored\GaussianAlgorithm-Author1-Refactored.csproj", "{FDF0ECB7-70FB-415A-8488-3D5B24007E26}"
EndProject
Project("{FAE04EC0-301F-11D3-BF4B-00C04F79EFBC}") = "Autocomplete-Author1-Refactored", "09_ulearn_autocomplete\author1-refactored\Autocomplete-Author1-Refactored.csproj", "{B51876DF-E5F4-451D-AC0F-0AB16ACAC44D}"
EndProject
Project("{FAE04EC0-301F-11D3-BF4B-00C04F79EFBC}") = "Rectangles-Author5-Net6_Builder", "01_ulearn_rectangles\author5-net6_builder\Rectangles-Author5-Net6_Builder.csproj", "{E4BF9AA5-123E-48C0-9997-8D1E6D8880EB}"
EndProject
Project("{FAE04EC0-301F-11D3-BF4B-00C04F79EFBC}") = "Rectangles-Author6-Net6_Singleton", "01_ulearn_rectangles\author6-net6_singleton\Rectangles-Author6-Net6_Singleton.csproj", "{8095634B-C4F1-4AFF-99BA-26F9ED87BF72}"
EndProject
Project("{FAE04EC0-301F-11D3-BF4B-00C04F79EFBC}") = "Rectangles-Author7-Net6_Factory", "01_ulearn_rectangles\author7-net6_factory\Rectangles-Author7-Net6_Factory.csproj", "{56B8359C-3830-45F3-B8A4-ED5C7FA90E76}"
EndProject
Project("{FAE04EC0-301F-11D3-BF4B-00C04F79EFBC}") = "Pluralize-Author5-Net6_Builder", "02_ulearn_pluralize\author5-net6_builder\Pluralize-Author5-Net6_Builder.csproj", "{E4C33F47-8324-4129-A752-11AC29BB964F}"
EndProject
Project("{FAE04EC0-301F-11D3-BF4B-00C04F79EFBC}") = "Pluralize-Author6-Net6_Singleton", "02_ulearn_pluralize\author6-net6_singleton\Pluralize-Author6-Net6_Singleton.csproj", "{F069630F-D56F-41EF-B3CE-DB33A17E1ECF}"
EndProject
Project("{FAE04EC0-301F-11D3-BF4B-00C04F79EFBC}") = "Pluralize-Author7-Net6_Factory", "02_ulearn_pluralize\author7-net6_factory\Pluralize-Author7-Net6_Factory.csproj", "{E8ED446D-2B8B-402B-91AB-EB3F5787445A}"
EndProject
Project("{FAE04EC0-301F-11D3-BF4B-00C04F79EFBC}") = "Distance-Author5-Net6_Builder", "03_ulearn_distance\author5-net6_builder\Distance-Author5-Net6_Builder.csproj", "{A566E547-323B-4600-ABFA-599805FBF1CC}"
EndProject
Project("{FAE04EC0-301F-11D3-BF4B-00C04F79EFBC}") = "Distance-Author6-Net6_Singleton", "03_ulearn_distance\author6-net6_singleton\Distance-Author6-Net6_Singleton.csproj", "{1561DABF-70B6-48B5-97C9-996A3713BFAB}"
EndProject
Project("{FAE04EC0-301F-11D3-BF4B-00C04F79EFBC}") = "Distance-Author7-Net6_Factory", "03_ulearn_distance\author7-net6_factory\Distance-Author7-Net6_Factory.csproj", "{E99AC835-8419-48CF-ADDE-34C8E760FC1E}"
EndProject
Project("{FAE04EC0-301F-11D3-BF4B-00C04F79EFBC}") = "GaussianAlgorithm-Author6-Net6_Singleton", "12_ulearn_gauss\author6-net6_singleton\GaussianAlgorithm-Author6-Net6_Singleton.csproj", "{EC0D1019-3B3C-421C-A710-1A547132249F}"
EndProject
Project("{FAE04EC0-301F-11D3-BF4B-00C04F79EFBC}") = "Antiplagiarism-Author6-Net6_Singleton", "11_ulearn_antiplagiat\author6-net6_singleton\Antiplagiarism-Author6-Net6_Singleton.csproj", "{28EAE9B7-9606-4F0E-805D-34651E5C0C58}"
EndProject
Global
	GlobalSection(SolutionConfigurationPlatforms) = preSolution
		Debug|Any CPU = Debug|Any CPU
		Release|Any CPU = Release|Any CPU
	EndGlobalSection
	GlobalSection(ProjectConfigurationPlatforms) = postSolution
		{E8B0D136-D22F-4550-A136-BB577FCBEC8F}.Debug|Any CPU.ActiveCfg = Debug|Any CPU
		{E8B0D136-D22F-4550-A136-BB577FCBEC8F}.Debug|Any CPU.Build.0 = Debug|Any CPU
		{E8B0D136-D22F-4550-A136-BB577FCBEC8F}.Release|Any CPU.ActiveCfg = Release|Any CPU
		{E8B0D136-D22F-4550-A136-BB577FCBEC8F}.Release|Any CPU.Build.0 = Release|Any CPU
		{105ABC87-92A4-42BA-8B34-5232D8A1FDC8}.Debug|Any CPU.ActiveCfg = Debug|Any CPU
		{105ABC87-92A4-42BA-8B34-5232D8A1FDC8}.Debug|Any CPU.Build.0 = Debug|Any CPU
		{105ABC87-92A4-42BA-8B34-5232D8A1FDC8}.Release|Any CPU.ActiveCfg = Release|Any CPU
		{105ABC87-92A4-42BA-8B34-5232D8A1FDC8}.Release|Any CPU.Build.0 = Release|Any CPU
		{A7607F62-2517-4779-84D4-3D378809A97E}.Debug|Any CPU.ActiveCfg = Debug|Any CPU
		{A7607F62-2517-4779-84D4-3D378809A97E}.Debug|Any CPU.Build.0 = Debug|Any CPU
		{A7607F62-2517-4779-84D4-3D378809A97E}.Release|Any CPU.ActiveCfg = Release|Any CPU
		{A7607F62-2517-4779-84D4-3D378809A97E}.Release|Any CPU.Build.0 = Release|Any CPU
		{84C0439A-B05A-4BFC-A73E-BA1F99953814}.Debug|Any CPU.ActiveCfg = Debug|Any CPU
		{84C0439A-B05A-4BFC-A73E-BA1F99953814}.Debug|Any CPU.Build.0 = Debug|Any CPU
		{84C0439A-B05A-4BFC-A73E-BA1F99953814}.Release|Any CPU.ActiveCfg = Release|Any CPU
		{84C0439A-B05A-4BFC-A73E-BA1F99953814}.Release|Any CPU.Build.0 = Release|Any CPU
		{616230F0-26C5-4954-8A86-827F1C3E72ED}.Debug|Any CPU.ActiveCfg = Debug|Any CPU
		{616230F0-26C5-4954-8A86-827F1C3E72ED}.Debug|Any CPU.Build.0 = Debug|Any CPU
		{616230F0-26C5-4954-8A86-827F1C3E72ED}.Release|Any CPU.ActiveCfg = Release|Any CPU
		{616230F0-26C5-4954-8A86-827F1C3E72ED}.Release|Any CPU.Build.0 = Release|Any CPU
		{E7F5D985-677D-4246-BA75-4BAE24DF38B5}.Debug|Any CPU.ActiveCfg = Debug|Any CPU
		{E7F5D985-677D-4246-BA75-4BAE24DF38B5}.Debug|Any CPU.Build.0 = Debug|Any CPU
		{E7F5D985-677D-4246-BA75-4BAE24DF38B5}.Release|Any CPU.ActiveCfg = Release|Any CPU
		{E7F5D985-677D-4246-BA75-4BAE24DF38B5}.Release|Any CPU.Build.0 = Release|Any CPU
		{B5EBAB5F-AFCC-4169-8F68-5EB41871441A}.Debug|Any CPU.ActiveCfg = Debug|Any CPU
		{B5EBAB5F-AFCC-4169-8F68-5EB41871441A}.Debug|Any CPU.Build.0 = Debug|Any CPU
		{B5EBAB5F-AFCC-4169-8F68-5EB41871441A}.Release|Any CPU.ActiveCfg = Release|Any CPU
		{B5EBAB5F-AFCC-4169-8F68-5EB41871441A}.Release|Any CPU.Build.0 = Release|Any CPU
		{574D2475-B777-4830-8D0C-4FA3FA7CD08E}.Debug|Any CPU.ActiveCfg = Debug|Any CPU
		{574D2475-B777-4830-8D0C-4FA3FA7CD08E}.Debug|Any CPU.Build.0 = Debug|Any CPU
		{574D2475-B777-4830-8D0C-4FA3FA7CD08E}.Release|Any CPU.ActiveCfg = Release|Any CPU
		{574D2475-B777-4830-8D0C-4FA3FA7CD08E}.Release|Any CPU.Build.0 = Release|Any CPU
		{E19D32B1-10D3-4CBC-89EB-457887677B40}.Debug|Any CPU.ActiveCfg = Debug|Any CPU
		{E19D32B1-10D3-4CBC-89EB-457887677B40}.Debug|Any CPU.Build.0 = Debug|Any CPU
		{E19D32B1-10D3-4CBC-89EB-457887677B40}.Release|Any CPU.ActiveCfg = Release|Any CPU
		{E19D32B1-10D3-4CBC-89EB-457887677B40}.Release|Any CPU.Build.0 = Release|Any CPU
		{A5F0CD61-1595-4C0F-A677-6AC39F2FDD94}.Debug|Any CPU.ActiveCfg = Debug|Any CPU
		{A5F0CD61-1595-4C0F-A677-6AC39F2FDD94}.Debug|Any CPU.Build.0 = Debug|Any CPU
		{A5F0CD61-1595-4C0F-A677-6AC39F2FDD94}.Release|Any CPU.ActiveCfg = Release|Any CPU
		{A5F0CD61-1595-4C0F-A677-6AC39F2FDD94}.Release|Any CPU.Build.0 = Release|Any CPU
		{00518202-E38B-476B-B018-5043A9A76B79}.Debug|Any CPU.ActiveCfg = Debug|Any CPU
		{00518202-E38B-476B-B018-5043A9A76B79}.Debug|Any CPU.Build.0 = Debug|Any CPU
		{00518202-E38B-476B-B018-5043A9A76B79}.Release|Any CPU.ActiveCfg = Release|Any CPU
		{00518202-E38B-476B-B018-5043A9A76B79}.Release|Any CPU.Build.0 = Release|Any CPU
		{E09E1457-BBA0-4F63-A56C-E93B482C600E}.Debug|Any CPU.ActiveCfg = Debug|Any CPU
		{E09E1457-BBA0-4F63-A56C-E93B482C600E}.Debug|Any CPU.Build.0 = Debug|Any CPU
		{E09E1457-BBA0-4F63-A56C-E93B482C600E}.Release|Any CPU.ActiveCfg = Release|Any CPU
		{E09E1457-BBA0-4F63-A56C-E93B482C600E}.Release|Any CPU.Build.0 = Release|Any CPU
		{1EF261AB-9AC5-4930-9053-59F81D2E56CA}.Debug|Any CPU.ActiveCfg = Debug|Any CPU
		{1EF261AB-9AC5-4930-9053-59F81D2E56CA}.Debug|Any CPU.Build.0 = Debug|Any CPU
		{1EF261AB-9AC5-4930-9053-59F81D2E56CA}.Release|Any CPU.ActiveCfg = Release|Any CPU
		{1EF261AB-9AC5-4930-9053-59F81D2E56CA}.Release|Any CPU.Build.0 = Release|Any CPU
		{6ACAB749-3EE3-4C2B-8A7B-12773486AC81}.Debug|Any CPU.ActiveCfg = Debug|Any CPU
		{6ACAB749-3EE3-4C2B-8A7B-12773486AC81}.Debug|Any CPU.Build.0 = Debug|Any CPU
		{6ACAB749-3EE3-4C2B-8A7B-12773486AC81}.Release|Any CPU.ActiveCfg = Release|Any CPU
		{6ACAB749-3EE3-4C2B-8A7B-12773486AC81}.Release|Any CPU.Build.0 = Release|Any CPU
		{ECC57050-ED08-46FB-9388-6FBC70052237}.Debug|Any CPU.ActiveCfg = Debug|Any CPU
		{ECC57050-ED08-46FB-9388-6FBC70052237}.Debug|Any CPU.Build.0 = Debug|Any CPU
		{ECC57050-ED08-46FB-9388-6FBC70052237}.Release|Any CPU.ActiveCfg = Release|Any CPU
		{ECC57050-ED08-46FB-9388-6FBC70052237}.Release|Any CPU.Build.0 = Release|Any CPU
		{A71E763B-3A9D-42DA-AC8F-05BE21E0B5BF}.Debug|Any CPU.ActiveCfg = Debug|Any CPU
		{A71E763B-3A9D-42DA-AC8F-05BE21E0B5BF}.Debug|Any CPU.Build.0 = Debug|Any CPU
		{A71E763B-3A9D-42DA-AC8F-05BE21E0B5BF}.Release|Any CPU.ActiveCfg = Release|Any CPU
		{A71E763B-3A9D-42DA-AC8F-05BE21E0B5BF}.Release|Any CPU.Build.0 = Release|Any CPU
		{F2803A9B-5EA9-4722-BF7C-44DA4B415487}.Debug|Any CPU.ActiveCfg = Debug|Any CPU
		{F2803A9B-5EA9-4722-BF7C-44DA4B415487}.Debug|Any CPU.Build.0 = Debug|Any CPU
		{F2803A9B-5EA9-4722-BF7C-44DA4B415487}.Release|Any CPU.ActiveCfg = Release|Any CPU
		{F2803A9B-5EA9-4722-BF7C-44DA4B415487}.Release|Any CPU.Build.0 = Release|Any CPU
		{B892A898-AA00-4079-9A2D-FD6D30D10F77}.Debug|Any CPU.ActiveCfg = Debug|Any CPU
		{B892A898-AA00-4079-9A2D-FD6D30D10F77}.Debug|Any CPU.Build.0 = Debug|Any CPU
		{B892A898-AA00-4079-9A2D-FD6D30D10F77}.Release|Any CPU.ActiveCfg = Release|Any CPU
		{B892A898-AA00-4079-9A2D-FD6D30D10F77}.Release|Any CPU.Build.0 = Release|Any CPU
		{710EB819-F29E-46A6-8BAC-0503AC7EA3FE}.Debug|Any CPU.ActiveCfg = Debug|Any CPU
		{710EB819-F29E-46A6-8BAC-0503AC7EA3FE}.Debug|Any CPU.Build.0 = Debug|Any CPU
		{710EB819-F29E-46A6-8BAC-0503AC7EA3FE}.Release|Any CPU.ActiveCfg = Release|Any CPU
		{710EB819-F29E-46A6-8BAC-0503AC7EA3FE}.Release|Any CPU.Build.0 = Release|Any CPU
		{F4ECDB33-0AC7-46A6-8D6C-4327AA3F0AE4}.Debug|Any CPU.ActiveCfg = Debug|Any CPU
		{F4ECDB33-0AC7-46A6-8D6C-4327AA3F0AE4}.Debug|Any CPU.Build.0 = Debug|Any CPU
		{F4ECDB33-0AC7-46A6-8D6C-4327AA3F0AE4}.Release|Any CPU.ActiveCfg = Release|Any CPU
		{F4ECDB33-0AC7-46A6-8D6C-4327AA3F0AE4}.Release|Any CPU.Build.0 = Release|Any CPU
		{74B06153-1C7B-4198-9C14-D7A05F928483}.Debug|Any CPU.ActiveCfg = Debug|Any CPU
		{74B06153-1C7B-4198-9C14-D7A05F928483}.Debug|Any CPU.Build.0 = Debug|Any CPU
		{74B06153-1C7B-4198-9C14-D7A05F928483}.Release|Any CPU.ActiveCfg = Release|Any CPU
		{74B06153-1C7B-4198-9C14-D7A05F928483}.Release|Any CPU.Build.0 = Release|Any CPU
		{A3A6C176-C0D9-4876-A2B3-7461F4C7BE84}.Debug|Any CPU.ActiveCfg = Debug|Any CPU
		{A3A6C176-C0D9-4876-A2B3-7461F4C7BE84}.Debug|Any CPU.Build.0 = Debug|Any CPU
		{A3A6C176-C0D9-4876-A2B3-7461F4C7BE84}.Release|Any CPU.ActiveCfg = Release|Any CPU
		{A3A6C176-C0D9-4876-A2B3-7461F4C7BE84}.Release|Any CPU.Build.0 = Release|Any CPU
		{97468D8F-729D-496F-8B21-66FC0A81C685}.Debug|Any CPU.ActiveCfg = Debug|Any CPU
		{97468D8F-729D-496F-8B21-66FC0A81C685}.Debug|Any CPU.Build.0 = Debug|Any CPU
		{97468D8F-729D-496F-8B21-66FC0A81C685}.Release|Any CPU.ActiveCfg = Release|Any CPU
		{97468D8F-729D-496F-8B21-66FC0A81C685}.Release|Any CPU.Build.0 = Release|Any CPU
		{D90EE382-5448-4467-B463-E12E260B6DDB}.Debug|Any CPU.ActiveCfg = Debug|Any CPU
		{D90EE382-5448-4467-B463-E12E260B6DDB}.Debug|Any CPU.Build.0 = Debug|Any CPU
		{D90EE382-5448-4467-B463-E12E260B6DDB}.Release|Any CPU.ActiveCfg = Release|Any CPU
		{D90EE382-5448-4467-B463-E12E260B6DDB}.Release|Any CPU.Build.0 = Release|Any CPU
		{9EFFDBFB-8140-498D-A678-32D87995B345}.Debug|Any CPU.ActiveCfg = Debug|Any CPU
		{9EFFDBFB-8140-498D-A678-32D87995B345}.Debug|Any CPU.Build.0 = Debug|Any CPU
		{9EFFDBFB-8140-498D-A678-32D87995B345}.Release|Any CPU.ActiveCfg = Release|Any CPU
		{9EFFDBFB-8140-498D-A678-32D87995B345}.Release|Any CPU.Build.0 = Release|Any CPU
		{3C20ACCB-1486-4CD8-96D8-51B1AA9E6BBD}.Debug|Any CPU.ActiveCfg = Debug|Any CPU
		{3C20ACCB-1486-4CD8-96D8-51B1AA9E6BBD}.Debug|Any CPU.Build.0 = Debug|Any CPU
		{3C20ACCB-1486-4CD8-96D8-51B1AA9E6BBD}.Release|Any CPU.ActiveCfg = Release|Any CPU
		{3C20ACCB-1486-4CD8-96D8-51B1AA9E6BBD}.Release|Any CPU.Build.0 = Release|Any CPU
		{BF3ABF70-B49B-43CF-8686-1ACBD246A630}.Debug|Any CPU.ActiveCfg = Debug|Any CPU
		{BF3ABF70-B49B-43CF-8686-1ACBD246A630}.Debug|Any CPU.Build.0 = Debug|Any CPU
		{BF3ABF70-B49B-43CF-8686-1ACBD246A630}.Release|Any CPU.ActiveCfg = Release|Any CPU
		{BF3ABF70-B49B-43CF-8686-1ACBD246A630}.Release|Any CPU.Build.0 = Release|Any CPU
		{BD161D64-3143-4C8B-9432-00EF76F4EE68}.Debug|Any CPU.ActiveCfg = Debug|Any CPU
		{BD161D64-3143-4C8B-9432-00EF76F4EE68}.Debug|Any CPU.Build.0 = Debug|Any CPU
		{BD161D64-3143-4C8B-9432-00EF76F4EE68}.Release|Any CPU.ActiveCfg = Release|Any CPU
		{BD161D64-3143-4C8B-9432-00EF76F4EE68}.Release|Any CPU.Build.0 = Release|Any CPU
		{83A29C43-4C66-4002-A6CE-595EEB4FA454}.Debug|Any CPU.ActiveCfg = Debug|Any CPU
		{83A29C43-4C66-4002-A6CE-595EEB4FA454}.Debug|Any CPU.Build.0 = Debug|Any CPU
		{83A29C43-4C66-4002-A6CE-595EEB4FA454}.Release|Any CPU.ActiveCfg = Release|Any CPU
		{83A29C43-4C66-4002-A6CE-595EEB4FA454}.Release|Any CPU.Build.0 = Release|Any CPU
		{12E3EA44-EC6B-4FB9-9D64-6200EF6378BA}.Debug|Any CPU.ActiveCfg = Debug|Any CPU
		{12E3EA44-EC6B-4FB9-9D64-6200EF6378BA}.Debug|Any CPU.Build.0 = Debug|Any CPU
		{12E3EA44-EC6B-4FB9-9D64-6200EF6378BA}.Release|Any CPU.ActiveCfg = Release|Any CPU
		{12E3EA44-EC6B-4FB9-9D64-6200EF6378BA}.Release|Any CPU.Build.0 = Release|Any CPU
		{6C57F635-CD3B-49B2-B3CF-503360906E17}.Debug|Any CPU.ActiveCfg = Debug|Any CPU
		{6C57F635-CD3B-49B2-B3CF-503360906E17}.Debug|Any CPU.Build.0 = Debug|Any CPU
		{6C57F635-CD3B-49B2-B3CF-503360906E17}.Release|Any CPU.ActiveCfg = Release|Any CPU
		{6C57F635-CD3B-49B2-B3CF-503360906E17}.Release|Any CPU.Build.0 = Release|Any CPU
		{C8426FD0-2966-4AB8-85A3-81D32854BE2A}.Debug|Any CPU.ActiveCfg = Debug|Any CPU
		{C8426FD0-2966-4AB8-85A3-81D32854BE2A}.Debug|Any CPU.Build.0 = Debug|Any CPU
		{C8426FD0-2966-4AB8-85A3-81D32854BE2A}.Release|Any CPU.ActiveCfg = Release|Any CPU
		{C8426FD0-2966-4AB8-85A3-81D32854BE2A}.Release|Any CPU.Build.0 = Release|Any CPU
		{DAB54566-AC01-44A7-93A9-0B404D8C1AEB}.Debug|Any CPU.ActiveCfg = Debug|Any CPU
		{DAB54566-AC01-44A7-93A9-0B404D8C1AEB}.Debug|Any CPU.Build.0 = Debug|Any CPU
		{DAB54566-AC01-44A7-93A9-0B404D8C1AEB}.Release|Any CPU.ActiveCfg = Release|Any CPU
		{DAB54566-AC01-44A7-93A9-0B404D8C1AEB}.Release|Any CPU.Build.0 = Release|Any CPU
		{BDC3B272-AEB9-4378-BC09-11DAA5D89D6D}.Debug|Any CPU.ActiveCfg = Debug|Any CPU
		{BDC3B272-AEB9-4378-BC09-11DAA5D89D6D}.Debug|Any CPU.Build.0 = Debug|Any CPU
		{BDC3B272-AEB9-4378-BC09-11DAA5D89D6D}.Release|Any CPU.ActiveCfg = Release|Any CPU
		{BDC3B272-AEB9-4378-BC09-11DAA5D89D6D}.Release|Any CPU.Build.0 = Release|Any CPU
		{097D811E-BBE9-4A55-81F2-9BE17754BDC8}.Debug|Any CPU.ActiveCfg = Debug|Any CPU
		{097D811E-BBE9-4A55-81F2-9BE17754BDC8}.Debug|Any CPU.Build.0 = Debug|Any CPU
		{097D811E-BBE9-4A55-81F2-9BE17754BDC8}.Release|Any CPU.ActiveCfg = Release|Any CPU
		{097D811E-BBE9-4A55-81F2-9BE17754BDC8}.Release|Any CPU.Build.0 = Release|Any CPU
		{FDF0ECB7-70FB-415A-8488-3D5B24007E26}.Debug|Any CPU.ActiveCfg = Debug|Any CPU
		{FDF0ECB7-70FB-415A-8488-3D5B24007E26}.Debug|Any CPU.Build.0 = Debug|Any CPU
		{FDF0ECB7-70FB-415A-8488-3D5B24007E26}.Release|Any CPU.ActiveCfg = Release|Any CPU
		{FDF0ECB7-70FB-415A-8488-3D5B24007E26}.Release|Any CPU.Build.0 = Release|Any CPU
		{B51876DF-E5F4-451D-AC0F-0AB16ACAC44D}.Debug|Any CPU.ActiveCfg = Debug|Any CPU
		{B51876DF-E5F4-451D-AC0F-0AB16ACAC44D}.Debug|Any CPU.Build.0 = Debug|Any CPU
		{B51876DF-E5F4-451D-AC0F-0AB16ACAC44D}.Release|Any CPU.ActiveCfg = Release|Any CPU
		{B51876DF-E5F4-451D-AC0F-0AB16ACAC44D}.Release|Any CPU.Build.0 = Release|Any CPU
		{E4BF9AA5-123E-48C0-9997-8D1E6D8880EB}.Debug|Any CPU.ActiveCfg = Debug|Any CPU
		{E4BF9AA5-123E-48C0-9997-8D1E6D8880EB}.Debug|Any CPU.Build.0 = Debug|Any CPU
		{E4BF9AA5-123E-48C0-9997-8D1E6D8880EB}.Release|Any CPU.ActiveCfg = Release|Any CPU
		{E4BF9AA5-123E-48C0-9997-8D1E6D8880EB}.Release|Any CPU.Build.0 = Release|Any CPU
		{8095634B-C4F1-4AFF-99BA-26F9ED87BF72}.Debug|Any CPU.ActiveCfg = Debug|Any CPU
		{8095634B-C4F1-4AFF-99BA-26F9ED87BF72}.Debug|Any CPU.Build.0 = Debug|Any CPU
		{8095634B-C4F1-4AFF-99BA-26F9ED87BF72}.Release|Any CPU.ActiveCfg = Release|Any CPU
		{8095634B-C4F1-4AFF-99BA-26F9ED87BF72}.Release|Any CPU.Build.0 = Release|Any CPU
		{56B8359C-3830-45F3-B8A4-ED5C7FA90E76}.Debug|Any CPU.ActiveCfg = Debug|Any CPU
		{56B8359C-3830-45F3-B8A4-ED5C7FA90E76}.Debug|Any CPU.Build.0 = Debug|Any CPU
		{56B8359C-3830-45F3-B8A4-ED5C7FA90E76}.Release|Any CPU.ActiveCfg = Release|Any CPU
		{56B8359C-3830-45F3-B8A4-ED5C7FA90E76}.Release|Any CPU.Build.0 = Release|Any CPU
		{E4C33F47-8324-4129-A752-11AC29BB964F}.Debug|Any CPU.ActiveCfg = Debug|Any CPU
		{E4C33F47-8324-4129-A752-11AC29BB964F}.Debug|Any CPU.Build.0 = Debug|Any CPU
		{E4C33F47-8324-4129-A752-11AC29BB964F}.Release|Any CPU.ActiveCfg = Release|Any CPU
		{E4C33F47-8324-4129-A752-11AC29BB964F}.Release|Any CPU.Build.0 = Release|Any CPU
		{F069630F-D56F-41EF-B3CE-DB33A17E1ECF}.Debug|Any CPU.ActiveCfg = Debug|Any CPU
		{F069630F-D56F-41EF-B3CE-DB33A17E1ECF}.Debug|Any CPU.Build.0 = Debug|Any CPU
		{F069630F-D56F-41EF-B3CE-DB33A17E1ECF}.Release|Any CPU.ActiveCfg = Release|Any CPU
		{F069630F-D56F-41EF-B3CE-DB33A17E1ECF}.Release|Any CPU.Build.0 = Release|Any CPU
		{E8ED446D-2B8B-402B-91AB-EB3F5787445A}.Debug|Any CPU.ActiveCfg = Debug|Any CPU
		{E8ED446D-2B8B-402B-91AB-EB3F5787445A}.Debug|Any CPU.Build.0 = Debug|Any CPU
		{E8ED446D-2B8B-402B-91AB-EB3F5787445A}.Release|Any CPU.ActiveCfg = Release|Any CPU
		{E8ED446D-2B8B-402B-91AB-EB3F5787445A}.Release|Any CPU.Build.0 = Release|Any CPU
		{A566E547-323B-4600-ABFA-599805FBF1CC}.Debug|Any CPU.ActiveCfg = Debug|Any CPU
		{A566E547-323B-4600-ABFA-599805FBF1CC}.Debug|Any CPU.Build.0 = Debug|Any CPU
		{A566E547-323B-4600-ABFA-599805FBF1CC}.Release|Any CPU.ActiveCfg = Release|Any CPU
		{A566E547-323B-4600-ABFA-599805FBF1CC}.Release|Any CPU.Build.0 = Release|Any CPU
		{1561DABF-70B6-48B5-97C9-996A3713BFAB}.Debug|Any CPU.ActiveCfg = Debug|Any CPU
		{1561DABF-70B6-48B5-97C9-996A3713BFAB}.Debug|Any CPU.Build.0 = Debug|Any CPU
		{1561DABF-70B6-48B5-97C9-996A3713BFAB}.Release|Any CPU.ActiveCfg = Release|Any CPU
		{1561DABF-70B6-48B5-97C9-996A3713BFAB}.Release|Any CPU.Build.0 = Release|Any CPU
		{E99AC835-8419-48CF-ADDE-34C8E760FC1E}.Debug|Any CPU.ActiveCfg = Debug|Any CPU
		{E99AC835-8419-48CF-ADDE-34C8E760FC1E}.Debug|Any CPU.Build.0 = Debug|Any CPU
		{E99AC835-8419-48CF-ADDE-34C8E760FC1E}.Release|Any CPU.ActiveCfg = Release|Any CPU
		{E99AC835-8419-48CF-ADDE-34C8E760FC1E}.Release|Any CPU.Build.0 = Release|Any CPU
		{EC0D1019-3B3C-421C-A710-1A547132249F}.Debug|Any CPU.ActiveCfg = Debug|Any CPU
		{EC0D1019-3B3C-421C-A710-1A547132249F}.Debug|Any CPU.Build.0 = Debug|Any CPU
		{EC0D1019-3B3C-421C-A710-1A547132249F}.Release|Any CPU.ActiveCfg = Release|Any CPU
		{EC0D1019-3B3C-421C-A710-1A547132249F}.Release|Any CPU.Build.0 = Release|Any CPU
		{28EAE9B7-9606-4F0E-805D-34651E5C0C58}.Debug|Any CPU.ActiveCfg = Debug|Any CPU
		{28EAE9B7-9606-4F0E-805D-34651E5C0C58}.Debug|Any CPU.Build.0 = Debug|Any CPU
		{28EAE9B7-9606-4F0E-805D-34651E5C0C58}.Release|Any CPU.ActiveCfg = Release|Any CPU
		{28EAE9B7-9606-4F0E-805D-34651E5C0C58}.Release|Any CPU.Build.0 = Release|Any CPU
	EndGlobalSection
EndGlobal
